# This file is automatically @generated by Cargo.
# It is not intended for manual editing.
version = 3

[[package]]
name = "arithmetic_yukinari"
version = "0.1.7"
source = "registry+https://github.com/rust-lang/crates.io-index"
checksum = "941d6779486c376d0540ba8da8ab8476d1c03311efa824a52989debffda46ef8"

[[package]]
name = "chapter08"
version = "0.1.0"
dependencies = [
 "arithmetic_yukinari",
]
